// !$*UTF8*$!
{
	archiveVersion = 1;
	classes = {
	};
	objectVersion = 46;
	objects = {

/* Begin PBXBuildFile section */
		A97A1E3A1D1C0F7800B7D931 /* AppDelegate.swift in Sources */ = {isa = PBXBuildFile; fileRef = A97A1E391D1C0F7800B7D931 /* AppDelegate.swift */; };
		A97A1E3C1D1C0F7800B7D931 /* ViewController.swift in Sources */ = {isa = PBXBuildFile; fileRef = A97A1E3B1D1C0F7800B7D931 /* ViewController.swift */; };
		A97A1E3F1D1C0F7800B7D931 /* Main.storyboard in Resources */ = {isa = PBXBuildFile; fileRef = A97A1E3D1D1C0F7800B7D931 /* Main.storyboard */; };
		A97A1E411D1C0F7800B7D931 /* Assets.xcassets in Resources */ = {isa = PBXBuildFile; fileRef = A97A1E401D1C0F7800B7D931 /* Assets.xcassets */; };
		A97A1E441D1C0F7800B7D931 /* LaunchScreen.storyboard in Resources */ = {isa = PBXBuildFile; fileRef = A97A1E421D1C0F7800B7D931 /* LaunchScreen.storyboard */; };
		A97A1E4F1D1C0F7800B7D931 /* TipCalculatorTests.swift in Sources */ = {isa = PBXBuildFile; fileRef = A97A1E4E1D1C0F7800B7D931 /* TipCalculatorTests.swift */; };
		A97A1E5A1D1C0F7800B7D931 /* TipCalculatorUITests.swift in Sources */ = {isa = PBXBuildFile; fileRef = A97A1E591D1C0F7800B7D931 /* TipCalculatorUITests.swift */; };
/* End PBXBuildFile section */

/* Begin PBXContainerItemProxy section */
		A97A1E4B1D1C0F7800B7D931 /* PBXContainerItemProxy */ = {
			isa = PBXContainerItemProxy;
			containerPortal = A97A1E2E1D1C0F7800B7D931 /* Project object */;
			proxyType = 1;
			remoteGlobalIDString = A97A1E351D1C0F7800B7D931;
			remoteInfo = TipCalculator;
		};
		A97A1E561D1C0F7800B7D931 /* PBXContainerItemProxy */ = {
			isa = PBXContainerItemProxy;
			containerPortal = A97A1E2E1D1C0F7800B7D931 /* Project object */;
			proxyType = 1;
			remoteGlobalIDString = A97A1E351D1C0F7800B7D931;
			remoteInfo = TipCalculator;
		};
/* End PBXContainerItemProxy section */

/* Begin PBXFileReference section */
		A97A1E361D1C0F7800B7D931 /* TipCalculator.app */ = {isa = PBXFileReference; explicitFileType = wrapper.application; includeInIndex = 0; path = TipCalculator.app; sourceTree = BUILT_PRODUCTS_DIR; };
		A97A1E391D1C0F7800B7D931 /* AppDelegate.swift */ = {isa = PBXFileReference; lastKnownFileType = sourcecode.swift; path = AppDelegate.swift; sourceTree = "<group>"; };
		A97A1E3B1D1C0F7800B7D931 /* ViewController.swift */ = {isa = PBXFileReference; lastKnownFileType = sourcecode.swift; path = ViewController.swift; sourceTree = "<group>"; };
		A97A1E3E1D1C0F7800B7D931 /* Base */ = {isa = PBXFileReference; lastKnownFileType = file.storyboard; name = Base; path = Base.lproj/Main.storyboard; sourceTree = "<group>"; };
		A97A1E401D1C0F7800B7D931 /* Assets.xcassets */ = {isa = PBXFileReference; lastKnownFileType = folder.assetcatalog; path = Assets.xcassets; sourceTree = "<group>"; };
		A97A1E431D1C0F7800B7D931 /* Base */ = {isa = PBXFileReference; lastKnownFileType = file.storyboard; name = Base; path = Base.lproj/LaunchScreen.storyboard; sourceTree = "<group>"; };
		A97A1E451D1C0F7800B7D931 /* Info.plist */ = {isa = PBXFileReference; lastKnownFileType = text.plist.xml; path = Info.plist; sourceTree = "<group>"; };
		A97A1E4A1D1C0F7800B7D931 /* TipCalculatorTests.xctest */ = {isa = PBXFileReference; explicitFileType = wrapper.cfbundle; includeInIndex = 0; path = TipCalculatorTests.xctest; sourceTree = BUILT_PRODUCTS_DIR; };
		A97A1E4E1D1C0F7800B7D931 /* TipCalculatorTests.swift */ = {isa = PBXFileReference; lastKnownFileType = sourcecode.swift; path = TipCalculatorTests.swift; sourceTree = "<group>"; };
		A97A1E501D1C0F7800B7D931 /* Info.plist */ = {isa = PBXFileReference; lastKnownFileType = text.plist.xml; path = Info.plist; sourceTree = "<group>"; };
		A97A1E551D1C0F7800B7D931 /* TipCalculatorUITests.xctest */ = {isa = PBXFileReference; explicitFileType = wrapper.cfbundle; includeInIndex = 0; path = TipCalculatorUITests.xctest; sourceTree = BUILT_PRODUCTS_DIR; };
		A97A1E591D1C0F7800B7D931 /* TipCalculatorUITests.swift */ = {isa = PBXFileReference; lastKnownFileType = sourcecode.swift; path = TipCalculatorUITests.swift; sourceTree = "<group>"; };
		A97A1E5B1D1C0F7800B7D931 /* Info.plist */ = {isa = PBXFileReference; lastKnownFileType = text.plist.xml; path = Info.plist; sourceTree = "<group>"; };
/* End PBXFileReference section */

/* Begin PBXFrameworksBuildPhase section */
		A97A1E331D1C0F7800B7D931 /* Frameworks */ = {
			isa = PBXFrameworksBuildPhase;
			buildActionMask = 2147483647;
			files = (
			);
			runOnlyForDeploymentPostprocessing = 0;
		};
		A97A1E471D1C0F7800B7D931 /* Frameworks */ = {
			isa = PBXFrameworksBuildPhase;
			buildActionMask = 2147483647;
			files = (
			);
			runOnlyForDeploymentPostprocessing = 0;
		};
		A97A1E521D1C0F7800B7D931 /* Frameworks */ = {
			isa = PBXFrameworksBuildPhase;
			buildActionMask = 2147483647;
			files = (
			);
			runOnlyForDeploymentPostprocessing = 0;
		};
/* End PBXFrameworksBuildPhase section */

/* Begin PBXGroup section */
		A97A1E2D1D1C0F7800B7D931 = {
			isa = PBXGroup;
			children = (
				A97A1E381D1C0F7800B7D931 /* TipCalculator */,
				A97A1E4D1D1C0F7800B7D931 /* TipCalculatorTests */,
				A97A1E581D1C0F7800B7D931 /* TipCalculatorUITests */,
				A97A1E371D1C0F7800B7D931 /* Products */,
			);
			sourceTree = "<group>";
		};
		A97A1E371D1C0F7800B7D931 /* Products */ = {
			isa = PBXGroup;
			children = (
				A97A1E361D1C0F7800B7D931 /* TipCalculator.app */,
				A97A1E4A1D1C0F7800B7D931 /* TipCalculatorTests.xctest */,
				A97A1E551D1C0F7800B7D931 /* TipCalculatorUITests.xctest */,
			);
			name = Products;
			sourceTree = "<group>";
		};
		A97A1E381D1C0F7800B7D931 /* TipCalculator */ = {
			isa = PBXGroup;
			children = (
				A97A1E391D1C0F7800B7D931 /* AppDelegate.swift */,
				A97A1E3B1D1C0F7800B7D931 /* ViewController.swift */,
				A97A1E3D1D1C0F7800B7D931 /* Main.storyboard */,
				A97A1E401D1C0F7800B7D931 /* Assets.xcassets */,
				A97A1E421D1C0F7800B7D931 /* LaunchScreen.storyboard */,
				A97A1E451D1C0F7800B7D931 /* Info.plist */,
			);
			path = TipCalculator;
			sourceTree = "<group>";
		};
		A97A1E4D1D1C0F7800B7D931 /* TipCalculatorTests */ = {
			isa = PBXGroup;
			children = (
				A97A1E4E1D1C0F7800B7D931 /* TipCalculatorTests.swift */,
				A97A1E501D1C0F7800B7D931 /* Info.plist */,
			);
			path = TipCalculatorTests;
			sourceTree = "<group>";
		};
		A97A1E581D1C0F7800B7D931 /* TipCalculatorUITests */ = {
			isa = PBXGroup;
			children = (
				A97A1E591D1C0F7800B7D931 /* TipCalculatorUITests.swift */,
				A97A1E5B1D1C0F7800B7D931 /* Info.plist */,
			);
			path = TipCalculatorUITests;
			sourceTree = "<group>";
		};
/* End PBXGroup section */

/* Begin PBXNativeTarget section */
		A97A1E351D1C0F7800B7D931 /* TipCalculator */ = {
			isa = PBXNativeTarget;
			buildConfigurationList = A97A1E5E1D1C0F7800B7D931 /* Build configuration list for PBXNativeTarget "TipCalculator" */;
			buildPhases = (
				A97A1E321D1C0F7800B7D931 /* Sources */,
				A97A1E331D1C0F7800B7D931 /* Frameworks */,
				A97A1E341D1C0F7800B7D931 /* Resources */,
			);
			buildRules = (
			);
			dependencies = (
			);
			name = TipCalculator;
			productName = TipCalculator;
			productReference = A97A1E361D1C0F7800B7D931 /* TipCalculator.app */;
			productType = "com.apple.product-type.application";
		};
		A97A1E491D1C0F7800B7D931 /* TipCalculatorTests */ = {
			isa = PBXNativeTarget;
			buildConfigurationList = A97A1E611D1C0F7800B7D931 /* Build configuration list for PBXNativeTarget "TipCalculatorTests" */;
			buildPhases = (
				A97A1E461D1C0F7800B7D931 /* Sources */,
				A97A1E471D1C0F7800B7D931 /* Frameworks */,
				A97A1E481D1C0F7800B7D931 /* Resources */,
			);
			buildRules = (
			);
			dependencies = (
				A97A1E4C1D1C0F7800B7D931 /* PBXTargetDependency */,
			);
			name = TipCalculatorTests;
			productName = TipCalculatorTests;
			productReference = A97A1E4A1D1C0F7800B7D931 /* TipCalculatorTests.xctest */;
			productType = "com.apple.product-type.bundle.unit-test";
		};
		A97A1E541D1C0F7800B7D931 /* TipCalculatorUITests */ = {
			isa = PBXNativeTarget;
			buildConfigurationList = A97A1E641D1C0F7800B7D931 /* Build configuration list for PBXNativeTarget "TipCalculatorUITests" */;
			buildPhases = (
				A97A1E511D1C0F7800B7D931 /* Sources */,
				A97A1E521D1C0F7800B7D931 /* Frameworks */,
				A97A1E531D1C0F7800B7D931 /* Resources */,
			);
			buildRules = (
			);
			dependencies = (
				A97A1E571D1C0F7800B7D931 /* PBXTargetDependency */,
			);
			name = TipCalculatorUITests;
			productName = TipCalculatorUITests;
			productReference = A97A1E551D1C0F7800B7D931 /* TipCalculatorUITests.xctest */;
			productType = "com.apple.product-type.bundle.ui-testing";
		};
/* End PBXNativeTarget section */

/* Begin PBXProject section */
		A97A1E2E1D1C0F7800B7D931 /* Project object */ = {
			isa = PBXProject;
			attributes = {
				LastSwiftUpdateCheck = 0730;
				LastUpgradeCheck = 0730;
				ORGANIZATIONNAME = Rawnet;
				TargetAttributes = {
					A97A1E351D1C0F7800B7D931 = {
						CreatedOnToolsVersion = 7.3.1;
					};
					A97A1E491D1C0F7800B7D931 = {
						CreatedOnToolsVersion = 7.3.1;
						TestTargetID = A97A1E351D1C0F7800B7D931;
					};
					A97A1E541D1C0F7800B7D931 = {
						CreatedOnToolsVersion = 7.3.1;
						TestTargetID = A97A1E351D1C0F7800B7D931;
					};
				};
			};
			buildConfigurationList = A97A1E311D1C0F7800B7D931 /* Build configuration list for PBXProject "TipCalculator" */;
			compatibilityVersion = "Xcode 3.2";
			developmentRegion = English;
			hasScannedForEncodings = 0;
			knownRegions = (
				en,
				Base,
			);
			mainGroup = A97A1E2D1D1C0F7800B7D931;
			productRefGroup = A97A1E371D1C0F7800B7D931 /* Products */;
			projectDirPath = "";
			projectRoot = "";
			targets = (
				A97A1E351D1C0F7800B7D931 /* TipCalculator */,
				A97A1E491D1C0F7800B7D931 /* TipCalculatorTests */,
				A97A1E541D1C0F7800B7D931 /* TipCalculatorUITests */,
			);
		};
/* End PBXProject section */

/* Begin PBXResourcesBuildPhase section */
		A97A1E341D1C0F7800B7D931 /* Resources */ = {
			isa = PBXResourcesBuildPhase;
			buildActionMask = 2147483647;
			files = (
				A97A1E441D1C0F7800B7D931 /* LaunchScreen.storyboard in Resources */,
				A97A1E411D1C0F7800B7D931 /* Assets.xcassets in Resources */,
				A97A1E3F1D1C0F7800B7D931 /* Main.storyboard in Resources */,
			);
			runOnlyForDeploymentPostprocessing = 0;
		};
		A97A1E481D1C0F7800B7D931 /* Resources */ = {
			isa = PBXResourcesBuildPhase;
			buildActionMask = 2147483647;
			files = (
			);
			runOnlyForDeploymentPostprocessing = 0;
		};
		A97A1E531D1C0F7800B7D931 /* Resources */ = {
			isa = PBXResourcesBuildPhase;
			buildActionMask = 2147483647;
			files = (
			);
			runOnlyForDeploymentPostprocessing = 0;
		};
/* End PBXResourcesBuildPhase section */

/* Begin PBXSourcesBuildPhase section */
		A97A1E321D1C0F7800B7D931 /* Sources */ = {
			isa = PBXSourcesBuildPhase;
			buildActionMask = 2147483647;
			files = (
				A97A1E3C1D1C0F7800B7D931 /* ViewController.swift in Sources */,
				A97A1E3A1D1C0F7800B7D931 /* AppDelegate.swift in Sources */,
			);
			runOnlyForDeploymentPostprocessing = 0;
		};
		A97A1E461D1C0F7800B7D931 /* Sources */ = {
			isa = PBXSourcesBuildPhase;
			buildActionMask = 2147483647;
			files = (
				A97A1E4F1D1C0F7800B7D931 /* TipCalculatorTests.swift in Sources */,
			);
			runOnlyForDeploymentPostprocessing = 0;
		};
		A97A1E511D1C0F7800B7D931 /* Sources */ = {
			isa = PBXSourcesBuildPhase;
			buildActionMask = 2147483647;
			files = (
				A97A1E5A1D1C0F7800B7D931 /* TipCalculatorUITests.swift in Sources */,
			);
			runOnlyForDeploymentPostprocessing = 0;
		};
/* End PBXSourcesBuildPhase section */

/* Begin PBXTargetDependency section */
		A97A1E4C1D1C0F7800B7D931 /* PBXTargetDependency */ = {
			isa = PBXTargetDependency;
			target = A97A1E351D1C0F7800B7D931 /* TipCalculator */;
			targetProxy = A97A1E4B1D1C0F7800B7D931 /* PBXContainerItemProxy */;
		};
		A97A1E571D1C0F7800B7D931 /* PBXTargetDependency */ = {
			isa = PBXTargetDependency;
			target = A97A1E351D1C0F7800B7D931 /* TipCalculator */;
			targetProxy = A97A1E561D1C0F7800B7D931 /* PBXContainerItemProxy */;
		};
/* End PBXTargetDependency section */

/* Begin PBXVariantGroup section */
		A97A1E3D1D1C0F7800B7D931 /* Main.storyboard */ = {
			isa = PBXVariantGroup;
			children = (
				A97A1E3E1D1C0F7800B7D931 /* Base */,
			);
			name = Main.storyboard;
			sourceTree = "<group>";
		};
		A97A1E421D1C0F7800B7D931 /* LaunchScreen.storyboard */ = {
			isa = PBXVariantGroup;
			children = (
				A97A1E431D1C0F7800B7D931 /* Base */,
			);
			name = LaunchScreen.storyboard;
			sourceTree = "<group>";
		};
/* End PBXVariantGroup section */

/* Begin XCBuildConfiguration section */
		A97A1E5C1D1C0F7800B7D931 /* Debug */ = {
			isa = XCBuildConfiguration;
			buildSettings = {
				ALWAYS_SEARCH_USER_PATHS = NO;
				CLANG_ANALYZER_NONNULL = YES;
				CLANG_CXX_LANGUAGE_STANDARD = "gnu++0x";
				CLANG_CXX_LIBRARY = "libc++";
				CLANG_ENABLE_MODULES = YES;
				CLANG_ENABLE_OBJC_ARC = YES;
				CLANG_WARN_BOOL_CONVERSION = YES;
				CLANG_WARN_CONSTANT_CONVERSION = YES;
				CLANG_WARN_DIRECT_OBJC_ISA_USAGE = YES_ERROR;
				CLANG_WARN_EMPTY_BODY = YES;
				CLANG_WARN_ENUM_CONVERSION = YES;
				CLANG_WARN_INT_CONVERSION = YES;
				CLANG_WARN_OBJC_ROOT_CLASS = YES_ERROR;
				CLANG_WARN_UNREACHABLE_CODE = YES;
				CLANG_WARN__DUPLICATE_METHOD_MATCH = YES;
				"CODE_SIGN_IDENTITY[sdk=iphoneos*]" = "iPhone Developer";
				COPY_PHASE_STRIP = NO;
				DEBUG_INFORMATION_FORMAT = dwarf;
				ENABLE_STRICT_OBJC_MSGSEND = YES;
				ENABLE_TESTABILITY = YES;
				GCC_C_LANGUAGE_STANDARD = gnu99;
				GCC_DYNAMIC_NO_PIC = NO;
				GCC_NO_COMMON_BLOCKS = YES;
				GCC_OPTIMIZATION_LEVEL = 0;
				GCC_PREPROCESSOR_DEFINITIONS = (
					"DEBUG=1",
					"$(inherited)",
				);
				GCC_WARN_64_TO_32_BIT_CONVERSION = YES;
				GCC_WARN_ABOUT_RETURN_TYPE = YES_ERROR;
				GCC_WARN_UNDECLARED_SELECTOR = YES;
				GCC_WARN_UNINITIALIZED_AUTOS = YES_AGGRESSIVE;
				GCC_WARN_UNUSED_FUNCTION = YES;
				GCC_WARN_UNUSED_VARIABLE = YES;
				IPHONEOS_DEPLOYMENT_TARGET = 9.3;
				MTL_ENABLE_DEBUG_INFO = YES;
				ONLY_ACTIVE_ARCH = YES;
				SDKROOT = iphoneos;
				SWIFT_OPTIMIZATION_LEVEL = "-Onone";
				TARGETED_DEVICE_FAMILY = "1,2";
			};
			name = Debug;
		};
		A97A1E5D1D1C0F7800B7D931 /* Release */ = {
			isa = XCBuildConfiguration;
			buildSettings = {
				ALWAYS_SEARCH_USER_PATHS = NO;
				CLANG_ANALYZER_NONNULL = YES;
				CLANG_CXX_LANGUAGE_STANDARD = "gnu++0x";
				CLANG_CXX_LIBRARY = "libc++";
				CLANG_ENABLE_MODULES = YES;
				CLANG_ENABLE_OBJC_ARC = YES;
				CLANG_WARN_BOOL_CONVERSION = YES;
				CLANG_WARN_CONSTANT_CONVERSION = YES;
				CLANG_WARN_DIRECT_OBJC_ISA_USAGE = YES_ERROR;
				CLANG_WARN_EMPTY_BODY = YES;
				CLANG_WARN_ENUM_CONVERSION = YES;
				CLANG_WARN_INT_CONVERSION = YES;
				CLANG_WARN_OBJC_ROOT_CLASS = YES_ERROR;
				CLANG_WARN_UNREACHABLE_CODE = YES;
				CLANG_WARN__DUPLICATE_METHOD_MATCH = YES;
				"CODE_SIGN_IDENTITY[sdk=iphoneos*]" = "iPhone Developer";
				COPY_PHASE_STRIP = NO;
				DEBUG_INFORMATION_FORMAT = "dwarf-with-dsym";
				ENABLE_NS_ASSERTIONS = NO;
				ENABLE_STRICT_OBJC_MSGSEND = YES;
				GCC_C_LANGUAGE_STANDARD = gnu99;
				GCC_NO_COMMON_BLOCKS = YES;
				GCC_WARN_64_TO_32_BIT_CONVERSION = YES;
				GCC_WARN_ABOUT_RETURN_TYPE = YES_ERROR;
				GCC_WARN_UNDECLARED_SELECTOR = YES;
				GCC_WARN_UNINITIALIZED_AUTOS = YES_AGGRESSIVE;
				GCC_WARN_UNUSED_FUNCTION = YES;
				GCC_WARN_UNUSED_VARIABLE = YES;
				IPHONEOS_DEPLOYMENT_TARGET = 9.3;
				MTL_ENABLE_DEBUG_INFO = NO;
				SDKROOT = iphoneos;
				TARGETED_DEVICE_FAMILY = "1,2";
				VALIDATE_PRODUCT = YES;
			};
			name = Release;
		};
		A97A1E5F1D1C0F7800B7D931 /* Debug */ = {
			isa = XCBuildConfiguration;
			buildSettings = {
				ASSETCATALOG_COMPILER_APPICON_NAME = AppIcon;
				INFOPLIST_FILE = TipCalculator/Info.plist;
				LD_RUNPATH_SEARCH_PATHS = "$(inherited) @executable_path/Frameworks";
				PRODUCT_BUNDLE_IDENTIFIER = bloc.io.TipCalculator;
				PRODUCT_NAME = "$(TARGET_NAME)";
			};
			name = Debug;
		};
		A97A1E601D1C0F7800B7D931 /* Release */ = {
			isa = XCBuildConfiguration;
			buildSettings = {
				ASSETCATALOG_COMPILER_APPICON_NAME = AppIcon;
				INFOPLIST_FILE = TipCalculator/Info.plist;
				LD_RUNPATH_SEARCH_PATHS = "$(inherited) @executable_path/Frameworks";
				PRODUCT_BUNDLE_IDENTIFIER = bloc.io.TipCalculator;
				PRODUCT_NAME = "$(TARGET_NAME)";
			};
			name = Release;
		};
		A97A1E621D1C0F7800B7D931 /* Debug */ = {
			isa = XCBuildConfiguration;
			buildSettings = {
				BUNDLE_LOADER = "$(TEST_HOST)";
				INFOPLIST_FILE = TipCalculatorTests/Info.plist;
				LD_RUNPATH_SEARCH_PATHS = "$(inherited) @executable_path/Frameworks @loader_path/Frameworks";
				PRODUCT_BUNDLE_IDENTIFIER = bloc.io.TipCalculatorTests;
				PRODUCT_NAME = "$(TARGET_NAME)";
				TEST_HOST = "$(BUILT_PRODUCTS_DIR)/TipCalculator.app/TipCalculator";
			};
			name = Debug;
		};
		A97A1E631D1C0F7800B7D931 /* Release */ = {
			isa = XCBuildConfiguration;
			buildSettings = {
				BUNDLE_LOADER = "$(TEST_HOST)";
				INFOPLIST_FILE = TipCalculatorTests/Info.plist;
				LD_RUNPATH_SEARCH_PATHS = "$(inherited) @executable_path/Frameworks @loader_path/Frameworks";
				PRODUCT_BUNDLE_IDENTIFIER = bloc.io.TipCalculatorTests;
				PRODUCT_NAME = "$(TARGET_NAME)";
				TEST_HOST = "$(BUILT_PRODUCTS_DIR)/TipCalculator.app/TipCalculator";
			};
			name = Release;
		};
		A97A1E651D1C0F7800B7D931 /* Debug */ = {
			isa = XCBuildConfiguration;
			buildSettings = {
				INFOPLIST_FILE = TipCalculatorUITests/Info.plist;
				LD_RUNPATH_SEARCH_PATHS = "$(inherited) @executable_path/Frameworks @loader_path/Frameworks";
				PRODUCT_BUNDLE_IDENTIFIER = bloc.io.TipCalculatorUITests;
				PRODUCT_NAME = "$(TARGET_NAME)";
				TEST_TARGET_NAME = TipCalculator;
			};
			name = Debug;
		};
		A97A1E661D1C0F7800B7D931 /* Release */ = {
			isa = XCBuildConfiguration;
			buildSettings = {
				INFOPLIST_FILE = TipCalculatorUITests/Info.plist;
				LD_RUNPATH_SEARCH_PATHS = "$(inherited) @executable_path/Frameworks @loader_path/Frameworks";
				PRODUCT_BUNDLE_IDENTIFIER = bloc.io.TipCalculatorUITests;
				PRODUCT_NAME = "$(TARGET_NAME)";
				TEST_TARGET_NAME = TipCalculator;
			};
			name = Release;
		};
/* End XCBuildConfiguration section */

/* Begin XCConfigurationList section */
		A97A1E311D1C0F7800B7D931 /* Build configuration list for PBXProject "TipCalculator" */ = {
			isa = XCConfigurationList;
			buildConfigurations = (
				A97A1E5C1D1C0F7800B7D931 /* Debug */,
				A97A1E5D1D1C0F7800B7D931 /* Release */,
			);
			defaultConfigurationIsVisible = 0;
			defaultConfigurationName = Release;
		};
		A97A1E5E1D1C0F7800B7D931 /* Build configuration list for PBXNativeTarget "TipCalculator" */ = {
			isa = XCConfigurationList;
			buildConfigurations = (
				A97A1E5F1D1C0F7800B7D931 /* Debug */,
				A97A1E601D1C0F7800B7D931 /* Release */,
			);
			defaultConfigurationIsVisible = 0;
		};
		A97A1E611D1C0F7800B7D931 /* Build configuration list for PBXNativeTarget "TipCalculatorTests" */ = {
			isa = XCConfigurationList;
			buildConfigurations = (
				A97A1E621D1C0F7800B7D931 /* Debug */,
				A97A1E631D1C0F7800B7D931 /* Release */,
			);
			defaultConfigurationIsVisible = 0;
		};
		A97A1E641D1C0F7800B7D931 /* Build configuration list for PBXNativeTarget "TipCalculatorUITests" */ = {
			isa = XCConfigurationList;
			buildConfigurations = (
				A97A1E651D1C0F7800B7D931 /* Debug */,
				A97A1E661D1C0F7800B7D931 /* Release */,
			);
			defaultConfigurationIsVisible = 0;
		};
/* End XCConfigurationList section */
	};
	rootObject = A97A1E2E1D1C0F7800B7D931 /* Project object */;
}
